
Microsoft Visual Studio Solution File, Format Version 12.00
# Visual Studio Version 16
VisualStudioVersion = 16.0.32228.343
MinimumVisualStudioVersion = 10.0.40219.1
Project("{F184B08F-C81C-45F6-A57F-5ABD9991F28F}") = "PigWebCtrlExpressLib", "PigWebCtrlExpressLib\PigWebCtrlExpressLib.vbproj", "{98DD9773-31EE-4D7B-BBCC-BA46A8481B5E}"
EndProject
Global
	GlobalSection(SolutionConfigurationPlatforms) = preSolution
		Debug|Any CPU = Debug|Any CPU
		Release|Any CPU = Release|Any CPU
	EndGlobalSection
	GlobalSection(ProjectConfigurationPlatforms) = postSolution
		{98DD9773-31EE-4D7B-BBCC-BA46A8481B5E}.Debug|Any CPU.ActiveCfg = Debug|Any CPU
		{98DD9773-31EE-4D7B-BBCC-BA46A8481B5E}.Debug|Any CPU.Build.0 = Debug|Any CPU
		{98DD9773-31EE-4D7B-BBCC-BA46A8481B5E}.Release|Any CPU.ActiveCfg = Release|Any CPU
		{98DD9773-31EE-4D7B-BBCC-BA46A8481B5E}.Release|Any CPU.Build.0 = Release|Any CPU
	EndGlobalSection
	GlobalSection(SolutionProperties) = preSolution
		HideSolutionNode = FALSE
	EndGlobalSection
	GlobalSection(ExtensibilityGlobals) = postSolution
		SolutionGuid = {A4EE4E68-AA8B-42EA-9D24-8E1718CC62FB}
	EndGlobalSection
EndGlobal
