
Microsoft Visual Studio Solution File, Format Version 12.00
# Visual Studio Version 17
VisualStudioVersion = 17.9.34902.65
MinimumVisualStudioVersion = 10.0.40219.1
Project("{778DAE3C-4631-46EA-AA77-85C1314464D9}") = "PigToolsLiteLibDemo", "PigToolsLiteLibDemo\PigToolsLiteLibDemo.vbproj", "{829D97BC-3DA5-407B-AC5F-C2DF4CD7B01B}"
EndProject
Global
	GlobalSection(SolutionConfigurationPlatforms) = preSolution
		Debug|Any CPU = Debug|Any CPU
		Release|Any CPU = Release|Any CPU
	EndGlobalSection
	GlobalSection(ProjectConfigurationPlatforms) = postSolution
		{829D97BC-3DA5-407B-AC5F-C2DF4CD7B01B}.Debug|Any CPU.ActiveCfg = Debug|Any CPU
		{829D97BC-3DA5-407B-AC5F-C2DF4CD7B01B}.Debug|Any CPU.Build.0 = Debug|Any CPU
		{829D97BC-3DA5-407B-AC5F-C2DF4CD7B01B}.Release|Any CPU.ActiveCfg = Release|Any CPU
		{829D97BC-3DA5-407B-AC5F-C2DF4CD7B01B}.Release|Any CPU.Build.0 = Release|Any CPU
	EndGlobalSection
	GlobalSection(SolutionProperties) = preSolution
		HideSolutionNode = FALSE
	EndGlobalSection
	GlobalSection(ExtensibilityGlobals) = postSolution
		SolutionGuid = {D78AA2C8-463D-4366-B862-7CD0B7983E57}
	EndGlobalSection
EndGlobal
